{
  "version": 4,
  "terraform_version": "1.1.1",
  "serial": 5,
  "lineage": "26cb90bd-db08-753b-46b7-f72069967ad8",
  "outputs": {},
  "resources": [
    {
      "module": "module.my-repository",
      "mode": "managed",
      "type": "google_artifact_registry_repository",
      "name": "my-repo",
      "provider": "provider[\"registry.terraform.io/hashicorp/google\"]",
      "instances": [
        {
          "schema_version": 0,
          "attributes": {
            "create_time": "2023-04-14T21:44:14.111172Z",
            "description": "Created by terraform",
            "docker_config": [],
            "format": "DOCKER",
            "id": "projects/terraform-project-vika/locations/us-central1/repositories/my-repo",
            "kms_key_name": "",
            "labels": null,
            "location": "us-central1",
            "maven_config": [],
            "mode": "STANDARD_REPOSITORY",
            "name": "my-repo",
            "project": "terraform-project-vika",
            "remote_repository_config": [],
            "repository_id": "my-repo",
            "timeouts": null,
            "update_time": "2023-04-14T21:44:14.111172Z",
            "virtual_repository_config": []
          },
          "sensitive_attributes": [],
          "private": "eyJlMmJmYjczMC1lY2FhLTExZTYtOGY4OC0zNDM2M2JjN2M0YzAiOnsiY3JlYXRlIjoxMjAwMDAwMDAwMDAwLCJkZWxldGUiOjEyMDAwMDAwMDAwMDAsInVwZGF0ZSI6MTIwMDAwMDAwMDAwMH19"
        }
      ]
    }
  ]
}
